
Microsoft Visual Studio Solution File, Format Version 12.00
# Visual Studio Version 16
VisualStudioVersion = 16.0.31205.134
MinimumVisualStudioVersion = 10.0.40219.1
Project("{FAE04EC0-301F-11D3-BF4B-00C04F79EFBC}") = "api", "api.csproj", "{024305FC-1849-4396-81A8-D4F878556DF1}"
EndProject
Global
	GlobalSection(SolutionConfigurationPlatforms) = preSolution
		Debug|Any CPU = Debug|Any CPU
		Release|Any CPU = Release|Any CPU
	EndGlobalSection
	GlobalSection(ProjectConfigurationPlatforms) = postSolution
		{024305FC-1849-4396-81A8-D4F878556DF1}.Debug|Any CPU.ActiveCfg = Debug|Any CPU
		{024305FC-1849-4396-81A8-D4F878556DF1}.Debug|Any CPU.Build.0 = Debug|Any CPU
		{024305FC-1849-4396-81A8-D4F878556DF1}.Release|Any CPU.ActiveCfg = Release|Any CPU
		{024305FC-1849-4396-81A8-D4F878556DF1}.Release|Any CPU.Build.0 = Release|Any CPU
	EndGlobalSection
	GlobalSection(SolutionProperties) = preSolution
		HideSolutionNode = FALSE
	EndGlobalSection
	GlobalSection(ExtensibilityGlobals) = postSolution
		SolutionGuid = {930C813A-918F-4D72-BB65-9CD1F37D3619}
	EndGlobalSection
EndGlobal
